// !$*UTF8*$!
{
	archiveVersion = 1;
	classes = {
	};
	objectVersion = 48;
	objects = {

/* Begin PBXBuildFile section */
		7D1B1D7A216F164600E88767 /* OutputView.swift in Sources */ = {isa = PBXBuildFile; fileRef = 7D1B1D79216F164600E88767 /* OutputView.swift */; };
		7D200444217072FC00308C50 /* InputView.swift in Sources */ = {isa = PBXBuildFile; fileRef = 7D200443217072FC00308C50 /* InputView.swift */; };
		7D200446217075D200308C50 /* MyPoint.swift in Sources */ = {isa = PBXBuildFile; fileRef = 7D200445217075D200308C50 /* MyPoint.swift */; };
		7D78A41021787E2600EE0843 /* MyLine.swift in Sources */ = {isa = PBXBuildFile; fileRef = 7D78A40F21787E2600EE0843 /* MyLine.swift */; };
		7D78A4122179AF1100EE0843 /* Check.swift in Sources */ = {isa = PBXBuildFile; fileRef = 7D78A4112179AF1100EE0843 /* Check.swift */; };
		7D78A414217C5A9700EE0843 /* FigureCreator.swift in Sources */ = {isa = PBXBuildFile; fileRef = 7D78A413217C5A9700EE0843 /* FigureCreator.swift */; };
		7D7EE2CA2182F6800090472D /* MyTriangle.swift in Sources */ = {isa = PBXBuildFile; fileRef = 7D7EE2C92182F6800090472D /* MyTriangle.swift */; };
		7D7EE2E621830CA80090472D /* UnitTestCheck.swift in Sources */ = {isa = PBXBuildFile; fileRef = 7D7EE2E521830CA80090472D /* UnitTestCheck.swift */; };
		7D7EE2E821830E250090472D /* Check.swift in Sources */ = {isa = PBXBuildFile; fileRef = 7D78A4112179AF1100EE0843 /* Check.swift */; };
		7D7EE2E921830E2B0090472D /* MyPoint.swift in Sources */ = {isa = PBXBuildFile; fileRef = 7D200445217075D200308C50 /* MyPoint.swift */; };
		7D7EE2EA21830E420090472D /* ANSICode.swift in Sources */ = {isa = PBXBuildFile; fileRef = 8377CC6F1F8BAF74007F7335 /* ANSICode.swift */; };
		7D7EE2EB21830E510090472D /* FigureCreator.swift in Sources */ = {isa = PBXBuildFile; fileRef = 7D78A413217C5A9700EE0843 /* FigureCreator.swift */; };
		7D7EE2EC21830E5F0090472D /* MyTriangle.swift in Sources */ = {isa = PBXBuildFile; fileRef = 7D7EE2C92182F6800090472D /* MyTriangle.swift */; };
		7D7EE2ED21830E620090472D /* MyLine.swift in Sources */ = {isa = PBXBuildFile; fileRef = 7D78A40F21787E2600EE0843 /* MyLine.swift */; };
		7D7EE2EF218310F10090472D /* UnitTestFigureCreator.swift in Sources */ = {isa = PBXBuildFile; fileRef = 7D7EE2EE218310F10090472D /* UnitTestFigureCreator.swift */; };
		7D7EE2F12186B5500090472D /* UnitTestFigure.swift in Sources */ = {isa = PBXBuildFile; fileRef = 7D7EE2F02186B5500090472D /* UnitTestFigure.swift */; };
		7D7EE2F32186E8BD0090472D /* MyRect.swift in Sources */ = {isa = PBXBuildFile; fileRef = 7D7EE2F22186E8BD0090472D /* MyRect.swift */; };
		8377CC521F8B6F7E007F7335 /* main.swift in Sources */ = {isa = PBXBuildFile; fileRef = 8377CC511F8B6F7E007F7335 /* main.swift */; };
		8377CC701F8BAF74007F7335 /* ANSICode.swift in Sources */ = {isa = PBXBuildFile; fileRef = 8377CC6F1F8BAF74007F7335 /* ANSICode.swift */; };
/* End PBXBuildFile section */

/* Begin PBXCopyFilesBuildPhase section */
		8377CC4C1F8B6F7E007F7335 /* CopyFiles */ = {
			isa = PBXCopyFilesBuildPhase;
			buildActionMask = 2147483647;
			dstPath = /usr/share/man/man1/;
			dstSubfolderSpec = 0;
			files = (
			);
			runOnlyForDeploymentPostprocessing = 1;
		};
/* End PBXCopyFilesBuildPhase section */

/* Begin PBXFileReference section */
		7D1B1D79216F164600E88767 /* OutputView.swift */ = {isa = PBXFileReference; lastKnownFileType = sourcecode.swift; path = OutputView.swift; sourceTree = "<group>"; };
		7D200443217072FC00308C50 /* InputView.swift */ = {isa = PBXFileReference; lastKnownFileType = sourcecode.swift; path = InputView.swift; sourceTree = "<group>"; };
		7D200445217075D200308C50 /* MyPoint.swift */ = {isa = PBXFileReference; lastKnownFileType = sourcecode.swift; path = MyPoint.swift; sourceTree = "<group>"; };
		7D78A40F21787E2600EE0843 /* MyLine.swift */ = {isa = PBXFileReference; lastKnownFileType = sourcecode.swift; path = MyLine.swift; sourceTree = "<group>"; };
		7D78A4112179AF1100EE0843 /* Check.swift */ = {isa = PBXFileReference; lastKnownFileType = sourcecode.swift; path = Check.swift; sourceTree = "<group>"; };
		7D78A413217C5A9700EE0843 /* FigureCreator.swift */ = {isa = PBXFileReference; lastKnownFileType = sourcecode.swift; path = FigureCreator.swift; sourceTree = "<group>"; };
		7D7EE2C92182F6800090472D /* MyTriangle.swift */ = {isa = PBXFileReference; lastKnownFileType = sourcecode.swift; path = MyTriangle.swift; sourceTree = "<group>"; };
		7D7EE2CF21830AD80090472D /* UnitTestCoordinateCalculator.xctest */ = {isa = PBXFileReference; explicitFileType = wrapper.cfbundle; includeInIndex = 0; path = UnitTestCoordinateCalculator.xctest; sourceTree = BUILT_PRODUCTS_DIR; };
		7D7EE2D321830AD80090472D /* Info.plist */ = {isa = PBXFileReference; lastKnownFileType = text.plist.xml; path = Info.plist; sourceTree = "<group>"; };
		7D7EE2DD21830C730090472D /* UnitTestCheck.xctest */ = {isa = PBXFileReference; explicitFileType = wrapper.cfbundle; includeInIndex = 0; path = UnitTestCheck.xctest; sourceTree = BUILT_PRODUCTS_DIR; };
		7D7EE2E521830CA80090472D /* UnitTestCheck.swift */ = {isa = PBXFileReference; lastKnownFileType = sourcecode.swift; path = UnitTestCheck.swift; sourceTree = "<group>"; };
		7D7EE2EE218310F10090472D /* UnitTestFigureCreator.swift */ = {isa = PBXFileReference; lastKnownFileType = sourcecode.swift; path = UnitTestFigureCreator.swift; sourceTree = "<group>"; };
		7D7EE2F02186B5500090472D /* UnitTestFigure.swift */ = {isa = PBXFileReference; lastKnownFileType = sourcecode.swift; path = UnitTestFigure.swift; sourceTree = "<group>"; };
		7D7EE2F22186E8BD0090472D /* MyRect.swift */ = {isa = PBXFileReference; lastKnownFileType = sourcecode.swift; path = MyRect.swift; sourceTree = "<group>"; };
		8377CC4E1F8B6F7E007F7335 /* CoordinateCalculator */ = {isa = PBXFileReference; explicitFileType = "compiled.mach-o.executable"; includeInIndex = 0; path = CoordinateCalculator; sourceTree = BUILT_PRODUCTS_DIR; };
		8377CC511F8B6F7E007F7335 /* main.swift */ = {isa = PBXFileReference; lastKnownFileType = sourcecode.swift; path = main.swift; sourceTree = "<group>"; };
		8377CC6F1F8BAF74007F7335 /* ANSICode.swift */ = {isa = PBXFileReference; lastKnownFileType = sourcecode.swift; path = ANSICode.swift; sourceTree = "<group>"; };
/* End PBXFileReference section */

/* Begin PBXFrameworksBuildPhase section */
		7D7EE2CC21830AD80090472D /* Frameworks */ = {
			isa = PBXFrameworksBuildPhase;
			buildActionMask = 2147483647;
			files = (
			);
			runOnlyForDeploymentPostprocessing = 0;
		};
		7D7EE2DA21830C730090472D /* Frameworks */ = {
			isa = PBXFrameworksBuildPhase;
			buildActionMask = 2147483647;
			files = (
			);
			runOnlyForDeploymentPostprocessing = 0;
		};
		8377CC4B1F8B6F7E007F7335 /* Frameworks */ = {
			isa = PBXFrameworksBuildPhase;
			buildActionMask = 2147483647;
			files = (
			);
			runOnlyForDeploymentPostprocessing = 0;
		};
/* End PBXFrameworksBuildPhase section */

/* Begin PBXGroup section */
		7D7EE2D021830AD80090472D /* UnitTestCoordinateCalculator */ = {
			isa = PBXGroup;
			children = (
				7D7EE2D321830AD80090472D /* Info.plist */,
				7D7EE2E521830CA80090472D /* UnitTestCheck.swift */,
				7D7EE2EE218310F10090472D /* UnitTestFigureCreator.swift */,
				7D7EE2F02186B5500090472D /* UnitTestFigure.swift */,
			);
			path = UnitTestCoordinateCalculator;
			sourceTree = "<group>";
		};
		8377CC451F8B6F7E007F7335 = {
			isa = PBXGroup;
			children = (
				8377CC501F8B6F7E007F7335 /* CoordinateCalculator */,
				7D7EE2D021830AD80090472D /* UnitTestCoordinateCalculator */,
				8377CC4F1F8B6F7E007F7335 /* Products */,
			);
			sourceTree = "<group>";
		};
		8377CC4F1F8B6F7E007F7335 /* Products */ = {
			isa = PBXGroup;
			children = (
				8377CC4E1F8B6F7E007F7335 /* CoordinateCalculator */,
				7D7EE2CF21830AD80090472D /* UnitTestCoordinateCalculator.xctest */,
				7D7EE2DD21830C730090472D /* UnitTestCheck.xctest */,
			);
			name = Products;
			sourceTree = "<group>";
		};
		8377CC501F8B6F7E007F7335 /* CoordinateCalculator */ = {
			isa = PBXGroup;
			children = (
				8377CC511F8B6F7E007F7335 /* main.swift */,
				7D78A4112179AF1100EE0843 /* Check.swift */,
				7D78A413217C5A9700EE0843 /* FigureCreator.swift */,
				7D200445217075D200308C50 /* MyPoint.swift */,
				7D78A40F21787E2600EE0843 /* MyLine.swift */,
				7D7EE2C92182F6800090472D /* MyTriangle.swift */,
				7D7EE2F22186E8BD0090472D /* MyRect.swift */,
				7D200443217072FC00308C50 /* InputView.swift */,
				7D1B1D79216F164600E88767 /* OutputView.swift */,
				8377CC6F1F8BAF74007F7335 /* ANSICode.swift */,
			);
			path = CoordinateCalculator;
			sourceTree = "<group>";
		};
/* End PBXGroup section */

/* Begin PBXNativeTarget section */
		7D7EE2CE21830AD80090472D /* UnitTestCoordinateCalculator */ = {
			isa = PBXNativeTarget;
			buildConfigurationList = 7D7EE2D421830AD80090472D /* Build configuration list for PBXNativeTarget "UnitTestCoordinateCalculator" */;
			buildPhases = (
				7D7EE2CB21830AD80090472D /* Sources */,
				7D7EE2CC21830AD80090472D /* Frameworks */,
				7D7EE2CD21830AD80090472D /* Resources */,
			);
			buildRules = (
			);
			dependencies = (
			);
			name = UnitTestCoordinateCalculator;
			productName = UnitTestCoordinateCalculator;
			productReference = 7D7EE2CF21830AD80090472D /* UnitTestCoordinateCalculator.xctest */;
			productType = "com.apple.product-type.bundle.unit-test";
		};
		7D7EE2DC21830C730090472D /* UnitTestCheck */ = {
			isa = PBXNativeTarget;
			buildConfigurationList = 7D7EE2E221830C730090472D /* Build configuration list for PBXNativeTarget "UnitTestCheck" */;
			buildPhases = (
				7D7EE2D921830C730090472D /* Sources */,
				7D7EE2DA21830C730090472D /* Frameworks */,
				7D7EE2DB21830C730090472D /* Resources */,
			);
			buildRules = (
			);
			dependencies = (
			);
			name = UnitTestCheck;
			productName = UnitTestCheck;
			productReference = 7D7EE2DD21830C730090472D /* UnitTestCheck.xctest */;
			productType = "com.apple.product-type.bundle.unit-test";
		};
		8377CC4D1F8B6F7E007F7335 /* CoordinateCalculator */ = {
			isa = PBXNativeTarget;
			buildConfigurationList = 8377CC551F8B6F7E007F7335 /* Build configuration list for PBXNativeTarget "CoordinateCalculator" */;
			buildPhases = (
				8377CC4A1F8B6F7E007F7335 /* Sources */,
				8377CC4B1F8B6F7E007F7335 /* Frameworks */,
				8377CC4C1F8B6F7E007F7335 /* CopyFiles */,
			);
			buildRules = (
			);
			dependencies = (
			);
			name = CoordinateCalculator;
			productName = CoordinateCalculator;
			productReference = 8377CC4E1F8B6F7E007F7335 /* CoordinateCalculator */;
			productType = "com.apple.product-type.tool";
		};
/* End PBXNativeTarget section */

/* Begin PBXProject section */
		8377CC461F8B6F7E007F7335 /* Project object */ = {
			isa = PBXProject;
			attributes = {
				LastSwiftUpdateCheck = 1000;
				LastUpgradeCheck = 0900;
				ORGANIZATIONNAME = "Codesquad Inc.";
				TargetAttributes = {
					7D7EE2CE21830AD80090472D = {
						CreatedOnToolsVersion = 10.0;
						ProvisioningStyle = Automatic;
					};
					7D7EE2DC21830C730090472D = {
						CreatedOnToolsVersion = 10.0;
						ProvisioningStyle = Automatic;
					};
					8377CC4D1F8B6F7E007F7335 = {
						CreatedOnToolsVersion = 9.0;
						ProvisioningStyle = Automatic;
					};
				};
			};
			buildConfigurationList = 8377CC491F8B6F7E007F7335 /* Build configuration list for PBXProject "CoordinateCalculator" */;
			compatibilityVersion = "Xcode 8.0";
			developmentRegion = en;
			hasScannedForEncodings = 0;
			knownRegions = (
				en,
			);
			mainGroup = 8377CC451F8B6F7E007F7335;
			productRefGroup = 8377CC4F1F8B6F7E007F7335 /* Products */;
			projectDirPath = "";
			projectRoot = "";
			targets = (
				8377CC4D1F8B6F7E007F7335 /* CoordinateCalculator */,
				7D7EE2CE21830AD80090472D /* UnitTestCoordinateCalculator */,
				7D7EE2DC21830C730090472D /* UnitTestCheck */,
			);
		};
/* End PBXProject section */

/* Begin PBXResourcesBuildPhase section */
		7D7EE2CD21830AD80090472D /* Resources */ = {
			isa = PBXResourcesBuildPhase;
			buildActionMask = 2147483647;
			files = (
			);
			runOnlyForDeploymentPostprocessing = 0;
		};
		7D7EE2DB21830C730090472D /* Resources */ = {
			isa = PBXResourcesBuildPhase;
			buildActionMask = 2147483647;
			files = (
			);
			runOnlyForDeploymentPostprocessing = 0;
		};
/* End PBXResourcesBuildPhase section */

/* Begin PBXSourcesBuildPhase section */
		7D7EE2CB21830AD80090472D /* Sources */ = {
			isa = PBXSourcesBuildPhase;
			buildActionMask = 2147483647;
			files = (
				7D7EE2EF218310F10090472D /* UnitTestFigureCreator.swift in Sources */,
				7D7EE2EB21830E510090472D /* FigureCreator.swift in Sources */,
				7D7EE2E921830E2B0090472D /* MyPoint.swift in Sources */,
				7D7EE2EA21830E420090472D /* ANSICode.swift in Sources */,
				7D7EE2F12186B5500090472D /* UnitTestFigure.swift in Sources */,
				7D7EE2EC21830E5F0090472D /* MyTriangle.swift in Sources */,
				7D7EE2E621830CA80090472D /* UnitTestCheck.swift in Sources */,
				7D7EE2ED21830E620090472D /* MyLine.swift in Sources */,
				7D7EE2E821830E250090472D /* Check.swift in Sources */,
			);
			runOnlyForDeploymentPostprocessing = 0;
		};
		7D7EE2D921830C730090472D /* Sources */ = {
			isa = PBXSourcesBuildPhase;
			buildActionMask = 2147483647;
			files = (
			);
			runOnlyForDeploymentPostprocessing = 0;
		};
		8377CC4A1F8B6F7E007F7335 /* Sources */ = {
			isa = PBXSourcesBuildPhase;
			buildActionMask = 2147483647;
			files = (
				7D78A414217C5A9700EE0843 /* FigureCreator.swift in Sources */,
				7D200446217075D200308C50 /* MyPoint.swift in Sources */,
				7D78A41021787E2600EE0843 /* MyLine.swift in Sources */,
				7D78A4122179AF1100EE0843 /* Check.swift in Sources */,
				8377CC521F8B6F7E007F7335 /* main.swift in Sources */,
				7D7EE2CA2182F6800090472D /* MyTriangle.swift in Sources */,
				7D200444217072FC00308C50 /* InputView.swift in Sources */,
				7D7EE2F32186E8BD0090472D /* MyRect.swift in Sources */,
				8377CC701F8BAF74007F7335 /* ANSICode.swift in Sources */,
				7D1B1D7A216F164600E88767 /* OutputView.swift in Sources */,
			);
			runOnlyForDeploymentPostprocessing = 0;
		};
/* End PBXSourcesBuildPhase section */

/* Begin XCBuildConfiguration section */
		7D7EE2D521830AD80090472D /* Debug */ = {
			isa = XCBuildConfiguration;
			buildSettings = {
				CLANG_ENABLE_OBJC_WEAK = YES;
				CLANG_WARN_DEPRECATED_OBJC_IMPLEMENTATIONS = YES;
				CLANG_WARN_OBJC_IMPLICIT_RETAIN_SELF = YES;
				CODE_SIGN_STYLE = Automatic;
				COMBINE_HIDPI_IMAGES = YES;
				INFOPLIST_FILE = UnitTestCoordinateCalculator/Info.plist;
				LD_RUNPATH_SEARCH_PATHS = "$(inherited) @executable_path/../Frameworks @loader_path/../Frameworks";
				MACOSX_DEPLOYMENT_TARGET = 10.14;
				MTL_ENABLE_DEBUG_INFO = INCLUDE_SOURCE;
				MTL_FAST_MATH = YES;
				PRODUCT_BUNDLE_IDENTIFIER = io.github.hngfu.UnitTestCoordinateCalculator;
				PRODUCT_NAME = "$(TARGET_NAME)";
				SWIFT_VERSION = 4.2;
			};
			name = Debug;
		};
		7D7EE2D621830AD80090472D /* Release */ = {
			isa = XCBuildConfiguration;
			buildSettings = {
				CLANG_ENABLE_OBJC_WEAK = YES;
				CLANG_WARN_DEPRECATED_OBJC_IMPLEMENTATIONS = YES;
				CLANG_WARN_OBJC_IMPLICIT_RETAIN_SELF = YES;
				CODE_SIGN_STYLE = Automatic;
				COMBINE_HIDPI_IMAGES = YES;
				INFOPLIST_FILE = UnitTestCoordinateCalculator/Info.plist;
				LD_RUNPATH_SEARCH_PATHS = "$(inherited) @executable_path/../Frameworks @loader_path/../Frameworks";
				MACOSX_DEPLOYMENT_TARGET = 10.14;
				MTL_FAST_MATH = YES;
				PRODUCT_BUNDLE_IDENTIFIER = io.github.hngfu.UnitTestCoordinateCalculator;
				PRODUCT_NAME = "$(TARGET_NAME)";
				SWIFT_VERSION = 4.2;
			};
			name = Release;
		};
		7D7EE2E321830C730090472D /* Debug */ = {
			isa = XCBuildConfiguration;
			buildSettings = {
				CLANG_ENABLE_OBJC_WEAK = YES;
				CLANG_WARN_DEPRECATED_OBJC_IMPLEMENTATIONS = YES;
				CLANG_WARN_OBJC_IMPLICIT_RETAIN_SELF = YES;
				CODE_SIGN_STYLE = Automatic;
				COMBINE_HIDPI_IMAGES = YES;
				INFOPLIST_FILE = UnitTestCheck/Info.plist;
				LD_RUNPATH_SEARCH_PATHS = "$(inherited) @executable_path/../Frameworks @loader_path/../Frameworks";
				MACOSX_DEPLOYMENT_TARGET = 10.14;
				MTL_ENABLE_DEBUG_INFO = INCLUDE_SOURCE;
				MTL_FAST_MATH = YES;
				PRODUCT_BUNDLE_IDENTIFIER = io.github.hngfu.UnitTestCheck;
				PRODUCT_NAME = "$(TARGET_NAME)";
				SWIFT_VERSION = 4.2;
			};
			name = Debug;
		};
		7D7EE2E421830C730090472D /* Release */ = {
			isa = XCBuildConfiguration;
			buildSettings = {
				CLANG_ENABLE_OBJC_WEAK = YES;
				CLANG_WARN_DEPRECATED_OBJC_IMPLEMENTATIONS = YES;
				CLANG_WARN_OBJC_IMPLICIT_RETAIN_SELF = YES;
				CODE_SIGN_STYLE = Automatic;
				COMBINE_HIDPI_IMAGES = YES;
				INFOPLIST_FILE = UnitTestCheck/Info.plist;
				LD_RUNPATH_SEARCH_PATHS = "$(inherited) @executable_path/../Frameworks @loader_path/../Frameworks";
				MACOSX_DEPLOYMENT_TARGET = 10.14;
				MTL_FAST_MATH = YES;
				PRODUCT_BUNDLE_IDENTIFIER = io.github.hngfu.UnitTestCheck;
				PRODUCT_NAME = "$(TARGET_NAME)";
				SWIFT_VERSION = 4.2;
			};
			name = Release;
		};
		8377CC531F8B6F7E007F7335 /* Debug */ = {
			isa = XCBuildConfiguration;
			buildSettings = {
				ALWAYS_SEARCH_USER_PATHS = NO;
				CLANG_ANALYZER_NONNULL = YES;
				CLANG_ANALYZER_NUMBER_OBJECT_CONVERSION = YES_AGGRESSIVE;
				CLANG_CXX_LANGUAGE_STANDARD = "gnu++14";
				CLANG_CXX_LIBRARY = "libc++";
				CLANG_ENABLE_MODULES = YES;
				CLANG_ENABLE_OBJC_ARC = YES;
				CLANG_WARN_BLOCK_CAPTURE_AUTORELEASING = YES;
				CLANG_WARN_BOOL_CONVERSION = YES;
				CLANG_WARN_COMMA = YES;
				CLANG_WARN_CONSTANT_CONVERSION = YES;
				CLANG_WARN_DIRECT_OBJC_ISA_USAGE = YES_ERROR;
				CLANG_WARN_DOCUMENTATION_COMMENTS = YES;
				CLANG_WARN_EMPTY_BODY = YES;
				CLANG_WARN_ENUM_CONVERSION = YES;
				CLANG_WARN_INFINITE_RECURSION = YES;
				CLANG_WARN_INT_CONVERSION = YES;
				CLANG_WARN_NON_LITERAL_NULL_CONVERSION = YES;
				CLANG_WARN_OBJC_LITERAL_CONVERSION = YES;
				CLANG_WARN_OBJC_ROOT_CLASS = YES_ERROR;
				CLANG_WARN_RANGE_LOOP_ANALYSIS = YES;
				CLANG_WARN_STRICT_PROTOTYPES = YES;
				CLANG_WARN_SUSPICIOUS_MOVE = YES;
				CLANG_WARN_UNGUARDED_AVAILABILITY = YES_AGGRESSIVE;
				CLANG_WARN_UNREACHABLE_CODE = YES;
				CLANG_WARN__DUPLICATE_METHOD_MATCH = YES;
				CODE_SIGN_IDENTITY = "-";
				COPY_PHASE_STRIP = NO;
				DEBUG_INFORMATION_FORMAT = dwarf;
				ENABLE_STRICT_OBJC_MSGSEND = YES;
				ENABLE_TESTABILITY = YES;
				GCC_C_LANGUAGE_STANDARD = gnu11;
				GCC_DYNAMIC_NO_PIC = NO;
				GCC_NO_COMMON_BLOCKS = YES;
				GCC_OPTIMIZATION_LEVEL = 0;
				GCC_PREPROCESSOR_DEFINITIONS = (
					"DEBUG=1",
					"$(inherited)",
				);
				GCC_WARN_64_TO_32_BIT_CONVERSION = YES;
				GCC_WARN_ABOUT_RETURN_TYPE = YES_ERROR;
				GCC_WARN_UNDECLARED_SELECTOR = YES;
				GCC_WARN_UNINITIALIZED_AUTOS = YES_AGGRESSIVE;
				GCC_WARN_UNUSED_FUNCTION = YES;
				GCC_WARN_UNUSED_VARIABLE = YES;
				MACOSX_DEPLOYMENT_TARGET = 10.13;
				MTL_ENABLE_DEBUG_INFO = YES;
				ONLY_ACTIVE_ARCH = YES;
				SDKROOT = macosx;
				SWIFT_ACTIVE_COMPILATION_CONDITIONS = DEBUG;
				SWIFT_OPTIMIZATION_LEVEL = "-Onone";
			};
			name = Debug;
		};
		8377CC541F8B6F7E007F7335 /* Release */ = {
			isa = XCBuildConfiguration;
			buildSettings = {
				ALWAYS_SEARCH_USER_PATHS = NO;
				CLANG_ANALYZER_NONNULL = YES;
				CLANG_ANALYZER_NUMBER_OBJECT_CONVERSION = YES_AGGRESSIVE;
				CLANG_CXX_LANGUAGE_STANDARD = "gnu++14";
				CLANG_CXX_LIBRARY = "libc++";
				CLANG_ENABLE_MODULES = YES;
				CLANG_ENABLE_OBJC_ARC = YES;
				CLANG_WARN_BLOCK_CAPTURE_AUTORELEASING = YES;
				CLANG_WARN_BOOL_CONVERSION = YES;
				CLANG_WARN_COMMA = YES;
				CLANG_WARN_CONSTANT_CONVERSION = YES;
				CLANG_WARN_DIRECT_OBJC_ISA_USAGE = YES_ERROR;
				CLANG_WARN_DOCUMENTATION_COMMENTS = YES;
				CLANG_WARN_EMPTY_BODY = YES;
				CLANG_WARN_ENUM_CONVERSION = YES;
				CLANG_WARN_INFINITE_RECURSION = YES;
				CLANG_WARN_INT_CONVERSION = YES;
				CLANG_WARN_NON_LITERAL_NULL_CONVERSION = YES;
				CLANG_WARN_OBJC_LITERAL_CONVERSION = YES;
				CLANG_WARN_OBJC_ROOT_CLASS = YES_ERROR;
				CLANG_WARN_RANGE_LOOP_ANALYSIS = YES;
				CLANG_WARN_STRICT_PROTOTYPES = YES;
				CLANG_WARN_SUSPICIOUS_MOVE = YES;
				CLANG_WARN_UNGUARDED_AVAILABILITY = YES_AGGRESSIVE;
				CLANG_WARN_UNREACHABLE_CODE = YES;
				CLANG_WARN__DUPLICATE_METHOD_MATCH = YES;
				CODE_SIGN_IDENTITY = "-";
				COPY_PHASE_STRIP = NO;
				DEBUG_INFORMATION_FORMAT = "dwarf-with-dsym";
				ENABLE_NS_ASSERTIONS = NO;
				ENABLE_STRICT_OBJC_MSGSEND = YES;
				GCC_C_LANGUAGE_STANDARD = gnu11;
				GCC_NO_COMMON_BLOCKS = YES;
				GCC_WARN_64_TO_32_BIT_CONVERSION = YES;
				GCC_WARN_ABOUT_RETURN_TYPE = YES_ERROR;
				GCC_WARN_UNDECLARED_SELECTOR = YES;
				GCC_WARN_UNINITIALIZED_AUTOS = YES_AGGRESSIVE;
				GCC_WARN_UNUSED_FUNCTION = YES;
				GCC_WARN_UNUSED_VARIABLE = YES;
				MACOSX_DEPLOYMENT_TARGET = 10.13;
				MTL_ENABLE_DEBUG_INFO = NO;
				SDKROOT = macosx;
				SWIFT_OPTIMIZATION_LEVEL = "-Owholemodule";
			};
			name = Release;
		};
		8377CC561F8B6F7E007F7335 /* Debug */ = {
			isa = XCBuildConfiguration;
			buildSettings = {
				CODE_SIGN_STYLE = Automatic;
				PRODUCT_NAME = "$(TARGET_NAME)";
				SWIFT_VERSION = 4.0;
			};
			name = Debug;
		};
		8377CC571F8B6F7E007F7335 /* Release */ = {
			isa = XCBuildConfiguration;
			buildSettings = {
				CODE_SIGN_STYLE = Automatic;
				PRODUCT_NAME = "$(TARGET_NAME)";
				SWIFT_VERSION = 4.0;
			};
			name = Release;
		};
/* End XCBuildConfiguration section */

/* Begin XCConfigurationList section */
		7D7EE2D421830AD80090472D /* Build configuration list for PBXNativeTarget "UnitTestCoordinateCalculator" */ = {
			isa = XCConfigurationList;
			buildConfigurations = (
				7D7EE2D521830AD80090472D /* Debug */,
				7D7EE2D621830AD80090472D /* Release */,
			);
			defaultConfigurationIsVisible = 0;
			defaultConfigurationName = Release;
		};
		7D7EE2E221830C730090472D /* Build configuration list for PBXNativeTarget "UnitTestCheck" */ = {
			isa = XCConfigurationList;
			buildConfigurations = (
				7D7EE2E321830C730090472D /* Debug */,
				7D7EE2E421830C730090472D /* Release */,
			);
			defaultConfigurationIsVisible = 0;
			defaultConfigurationName = Release;
		};
		8377CC491F8B6F7E007F7335 /* Build configuration list for PBXProject "CoordinateCalculator" */ = {
			isa = XCConfigurationList;
			buildConfigurations = (
				8377CC531F8B6F7E007F7335 /* Debug */,
				8377CC541F8B6F7E007F7335 /* Release */,
			);
			defaultConfigurationIsVisible = 0;
			defaultConfigurationName = Release;
		};
		8377CC551F8B6F7E007F7335 /* Build configuration list for PBXNativeTarget "CoordinateCalculator" */ = {
			isa = XCConfigurationList;
			buildConfigurations = (
				8377CC561F8B6F7E007F7335 /* Debug */,
				8377CC571F8B6F7E007F7335 /* Release */,
			);
			defaultConfigurationIsVisible = 0;
			defaultConfigurationName = Release;
		};
/* End XCConfigurationList section */
	};
	rootObject = 8377CC461F8B6F7E007F7335 /* Project object */;
}
