// !$*UTF8*$!
{
	archiveVersion = 1;
	classes = {
	};
	objectVersion = 48;
	objects = {

/* Begin PBXBuildFile section */
		133B2C1A2338F4EC00DA99EF /* ANSICode.swift in Sources */ = {isa = PBXBuildFile; fileRef = 8377CC6F1F8BAF74007F7335 /* ANSICode.swift */; };
		134B12352339AAAE00CF5CD9 /* MyLine.swift in Sources */ = {isa = PBXBuildFile; fileRef = 134B12342339AAAE00CF5CD9 /* MyLine.swift */; };
		134B12362339ACC900CF5CD9 /* MyLine.swift in Sources */ = {isa = PBXBuildFile; fileRef = 134B12342339AAAE00CF5CD9 /* MyLine.swift */; };
		134B12382339CD1200CF5CD9 /* Validation.swift in Sources */ = {isa = PBXBuildFile; fileRef = 134B12372339CD1200CF5CD9 /* Validation.swift */; };
		134B123A2339D31200CF5CD9 /* CoordinateFactory.swift in Sources */ = {isa = PBXBuildFile; fileRef = 134B12392339D31200CF5CD9 /* CoordinateFactory.swift */; };
		134B123B2339D3A100CF5CD9 /* CoordinateFactory.swift in Sources */ = {isa = PBXBuildFile; fileRef = 134B12392339D31200CF5CD9 /* CoordinateFactory.swift */; };
		134B123F2339E35000CF5CD9 /* ErrorCase.swift in Sources */ = {isa = PBXBuildFile; fileRef = 134B123E2339E35000CF5CD9 /* ErrorCase.swift */; };
		134B12402339E82000CF5CD9 /* Validation.swift in Sources */ = {isa = PBXBuildFile; fileRef = 134B12372339CD1200CF5CD9 /* Validation.swift */; };
		134B12412339E82200CF5CD9 /* ErrorCase.swift in Sources */ = {isa = PBXBuildFile; fileRef = 134B123E2339E35000CF5CD9 /* ErrorCase.swift */; };
		137D83F9233896E100383DE7 /* MyPoint.swift in Sources */ = {isa = PBXBuildFile; fileRef = 137D83F8233896E100383DE7 /* MyPoint.swift */; };
		137D84032338A46700383DE7 /* TestCoordinateCalculator.swift in Sources */ = {isa = PBXBuildFile; fileRef = 137D84022338A46700383DE7 /* TestCoordinateCalculator.swift */; };
		137D84092338A5E700383DE7 /* main.swift in Sources */ = {isa = PBXBuildFile; fileRef = 8377CC511F8B6F7E007F7335 /* main.swift */; };
		137D840D2338A77300383DE7 /* InputMenu.swift in Sources */ = {isa = PBXBuildFile; fileRef = 137D840A2338A61F00383DE7 /* InputMenu.swift */; };
		137D840E2338A77300383DE7 /* InputMenu.swift in Sources */ = {isa = PBXBuildFile; fileRef = 137D840A2338A61F00383DE7 /* InputMenu.swift */; };
		137D840F2338A79400383DE7 /* MyPoint.swift in Sources */ = {isa = PBXBuildFile; fileRef = 137D83F8233896E100383DE7 /* MyPoint.swift */; };
		137D84112338D1AE00383DE7 /* OutputView.swift in Sources */ = {isa = PBXBuildFile; fileRef = 137D84102338D1AE00383DE7 /* OutputView.swift */; };
		137D84122338D1AE00383DE7 /* OutputView.swift in Sources */ = {isa = PBXBuildFile; fileRef = 137D84102338D1AE00383DE7 /* OutputView.swift */; };
		8377CC521F8B6F7E007F7335 /* main.swift in Sources */ = {isa = PBXBuildFile; fileRef = 8377CC511F8B6F7E007F7335 /* main.swift */; };
		8377CC701F8BAF74007F7335 /* ANSICode.swift in Sources */ = {isa = PBXBuildFile; fileRef = 8377CC6F1F8BAF74007F7335 /* ANSICode.swift */; };
/* End PBXBuildFile section */

/* Begin PBXCopyFilesBuildPhase section */
		8377CC4C1F8B6F7E007F7335 /* CopyFiles */ = {
			isa = PBXCopyFilesBuildPhase;
			buildActionMask = 2147483647;
			dstPath = /usr/share/man/man1/;
			dstSubfolderSpec = 0;
			files = (
			);
			runOnlyForDeploymentPostprocessing = 1;
		};
/* End PBXCopyFilesBuildPhase section */

/* Begin PBXFileReference section */
		134B12342339AAAE00CF5CD9 /* MyLine.swift */ = {isa = PBXFileReference; lastKnownFileType = sourcecode.swift; path = MyLine.swift; sourceTree = "<group>"; };
		134B12372339CD1200CF5CD9 /* Validation.swift */ = {isa = PBXFileReference; lastKnownFileType = sourcecode.swift; path = Validation.swift; sourceTree = "<group>"; };
		134B12392339D31200CF5CD9 /* CoordinateFactory.swift */ = {isa = PBXFileReference; lastKnownFileType = sourcecode.swift; path = CoordinateFactory.swift; sourceTree = "<group>"; };
		134B123E2339E35000CF5CD9 /* ErrorCase.swift */ = {isa = PBXFileReference; lastKnownFileType = sourcecode.swift; path = ErrorCase.swift; sourceTree = "<group>"; };
		137D83F8233896E100383DE7 /* MyPoint.swift */ = {isa = PBXFileReference; lastKnownFileType = sourcecode.swift; path = MyPoint.swift; sourceTree = "<group>"; };
		137D84002338A46700383DE7 /* TestCoordinateCalculator.xctest */ = {isa = PBXFileReference; explicitFileType = wrapper.cfbundle; includeInIndex = 0; path = TestCoordinateCalculator.xctest; sourceTree = BUILT_PRODUCTS_DIR; };
		137D84022338A46700383DE7 /* TestCoordinateCalculator.swift */ = {isa = PBXFileReference; lastKnownFileType = sourcecode.swift; path = TestCoordinateCalculator.swift; sourceTree = "<group>"; };
		137D84042338A46700383DE7 /* Info.plist */ = {isa = PBXFileReference; lastKnownFileType = text.plist.xml; path = Info.plist; sourceTree = "<group>"; };
		137D840A2338A61F00383DE7 /* InputMenu.swift */ = {isa = PBXFileReference; lastKnownFileType = sourcecode.swift; path = InputMenu.swift; sourceTree = "<group>"; };
		137D84102338D1AE00383DE7 /* OutputView.swift */ = {isa = PBXFileReference; lastKnownFileType = sourcecode.swift; path = OutputView.swift; sourceTree = "<group>"; };
		8377CC4E1F8B6F7E007F7335 /* CoordinateCalculator */ = {isa = PBXFileReference; explicitFileType = "compiled.mach-o.executable"; includeInIndex = 0; path = CoordinateCalculator; sourceTree = BUILT_PRODUCTS_DIR; };
		8377CC511F8B6F7E007F7335 /* main.swift */ = {isa = PBXFileReference; lastKnownFileType = sourcecode.swift; path = main.swift; sourceTree = "<group>"; };
		8377CC6F1F8BAF74007F7335 /* ANSICode.swift */ = {isa = PBXFileReference; lastKnownFileType = sourcecode.swift; path = ANSICode.swift; sourceTree = "<group>"; };
/* End PBXFileReference section */

/* Begin PBXFrameworksBuildPhase section */
		137D83FD2338A46700383DE7 /* Frameworks */ = {
			isa = PBXFrameworksBuildPhase;
			buildActionMask = 2147483647;
			files = (
			);
			runOnlyForDeploymentPostprocessing = 0;
		};
		8377CC4B1F8B6F7E007F7335 /* Frameworks */ = {
			isa = PBXFrameworksBuildPhase;
			buildActionMask = 2147483647;
			files = (
			);
			runOnlyForDeploymentPostprocessing = 0;
		};
/* End PBXFrameworksBuildPhase section */

/* Begin PBXGroup section */
		137D84012338A46700383DE7 /* TestCoordinateCalculator */ = {
			isa = PBXGroup;
			children = (
				137D84022338A46700383DE7 /* TestCoordinateCalculator.swift */,
				137D84042338A46700383DE7 /* Info.plist */,
			);
			path = TestCoordinateCalculator;
			sourceTree = "<group>";
		};
		8377CC451F8B6F7E007F7335 = {
			isa = PBXGroup;
			children = (
				8377CC501F8B6F7E007F7335 /* CoordinateCalculator */,
				137D84012338A46700383DE7 /* TestCoordinateCalculator */,
				8377CC4F1F8B6F7E007F7335 /* Products */,
			);
			sourceTree = "<group>";
		};
		8377CC4F1F8B6F7E007F7335 /* Products */ = {
			isa = PBXGroup;
			children = (
				8377CC4E1F8B6F7E007F7335 /* CoordinateCalculator */,
				137D84002338A46700383DE7 /* TestCoordinateCalculator.xctest */,
			);
			name = Products;
			sourceTree = "<group>";
		};
		8377CC501F8B6F7E007F7335 /* CoordinateCalculator */ = {
			isa = PBXGroup;
			children = (
				8377CC6F1F8BAF74007F7335 /* ANSICode.swift */,
				8377CC511F8B6F7E007F7335 /* main.swift */,
				137D83F8233896E100383DE7 /* MyPoint.swift */,
				137D840A2338A61F00383DE7 /* InputMenu.swift */,
				137D84102338D1AE00383DE7 /* OutputView.swift */,
				134B12342339AAAE00CF5CD9 /* MyLine.swift */,
				134B12372339CD1200CF5CD9 /* Validation.swift */,
				134B12392339D31200CF5CD9 /* CoordinateFactory.swift */,
				134B123E2339E35000CF5CD9 /* ErrorCase.swift */,
			);
			path = CoordinateCalculator;
			sourceTree = "<group>";
		};
/* End PBXGroup section */

/* Begin PBXNativeTarget section */
		137D83FF2338A46700383DE7 /* TestCoordinateCalculator */ = {
			isa = PBXNativeTarget;
			buildConfigurationList = 137D84052338A46700383DE7 /* Build configuration list for PBXNativeTarget "TestCoordinateCalculator" */;
			buildPhases = (
				137D83FC2338A46700383DE7 /* Sources */,
				137D83FD2338A46700383DE7 /* Frameworks */,
				137D83FE2338A46700383DE7 /* Resources */,
			);
			buildRules = (
			);
			dependencies = (
			);
			name = TestCoordinateCalculator;
			productName = TestCoordinateCalculator;
			productReference = 137D84002338A46700383DE7 /* TestCoordinateCalculator.xctest */;
			productType = "com.apple.product-type.bundle.unit-test";
		};
		8377CC4D1F8B6F7E007F7335 /* CoordinateCalculator */ = {
			isa = PBXNativeTarget;
			buildConfigurationList = 8377CC551F8B6F7E007F7335 /* Build configuration list for PBXNativeTarget "CoordinateCalculator" */;
			buildPhases = (
				8377CC4A1F8B6F7E007F7335 /* Sources */,
				8377CC4B1F8B6F7E007F7335 /* Frameworks */,
				8377CC4C1F8B6F7E007F7335 /* CopyFiles */,
			);
			buildRules = (
			);
			dependencies = (
			);
			name = CoordinateCalculator;
			productName = CoordinateCalculator;
			productReference = 8377CC4E1F8B6F7E007F7335 /* CoordinateCalculator */;
			productType = "com.apple.product-type.tool";
		};
/* End PBXNativeTarget section */

/* Begin PBXProject section */
		8377CC461F8B6F7E007F7335 /* Project object */ = {
			isa = PBXProject;
			attributes = {
				LastSwiftUpdateCheck = 1030;
				LastUpgradeCheck = 0900;
				ORGANIZATIONNAME = "Codesquad Inc.";
				TargetAttributes = {
					137D83FF2338A46700383DE7 = {
						CreatedOnToolsVersion = 10.3;
						ProvisioningStyle = Automatic;
					};
					8377CC4D1F8B6F7E007F7335 = {
						CreatedOnToolsVersion = 9.0;
						ProvisioningStyle = Automatic;
					};
				};
			};
			buildConfigurationList = 8377CC491F8B6F7E007F7335 /* Build configuration list for PBXProject "CoordinateCalculator" */;
			compatibilityVersion = "Xcode 8.0";
			developmentRegion = en;
			hasScannedForEncodings = 0;
			knownRegions = (
				en,
			);
			mainGroup = 8377CC451F8B6F7E007F7335;
			productRefGroup = 8377CC4F1F8B6F7E007F7335 /* Products */;
			projectDirPath = "";
			projectRoot = "";
			targets = (
				8377CC4D1F8B6F7E007F7335 /* CoordinateCalculator */,
				137D83FF2338A46700383DE7 /* TestCoordinateCalculator */,
			);
		};
/* End PBXProject section */

/* Begin PBXResourcesBuildPhase section */
		137D83FE2338A46700383DE7 /* Resources */ = {
			isa = PBXResourcesBuildPhase;
			buildActionMask = 2147483647;
			files = (
			);
			runOnlyForDeploymentPostprocessing = 0;
		};
/* End PBXResourcesBuildPhase section */

/* Begin PBXSourcesBuildPhase section */
		137D83FC2338A46700383DE7 /* Sources */ = {
			isa = PBXSourcesBuildPhase;
			buildActionMask = 2147483647;
			files = (
				137D840F2338A79400383DE7 /* MyPoint.swift in Sources */,
				133B2C1A2338F4EC00DA99EF /* ANSICode.swift in Sources */,
				134B123B2339D3A100CF5CD9 /* CoordinateFactory.swift in Sources */,
				137D84092338A5E700383DE7 /* main.swift in Sources */,
				134B12402339E82000CF5CD9 /* Validation.swift in Sources */,
				137D84032338A46700383DE7 /* TestCoordinateCalculator.swift in Sources */,
				137D840E2338A77300383DE7 /* InputMenu.swift in Sources */,
				134B12362339ACC900CF5CD9 /* MyLine.swift in Sources */,
				134B12412339E82200CF5CD9 /* ErrorCase.swift in Sources */,
				137D84122338D1AE00383DE7 /* OutputView.swift in Sources */,
			);
			runOnlyForDeploymentPostprocessing = 0;
		};
		8377CC4A1F8B6F7E007F7335 /* Sources */ = {
			isa = PBXSourcesBuildPhase;
			buildActionMask = 2147483647;
			files = (
				8377CC521F8B6F7E007F7335 /* main.swift in Sources */,
				134B12352339AAAE00CF5CD9 /* MyLine.swift in Sources */,
				134B123A2339D31200CF5CD9 /* CoordinateFactory.swift in Sources */,
				8377CC701F8BAF74007F7335 /* ANSICode.swift in Sources */,
				137D83F9233896E100383DE7 /* MyPoint.swift in Sources */,
				137D840D2338A77300383DE7 /* InputMenu.swift in Sources */,
				137D84112338D1AE00383DE7 /* OutputView.swift in Sources */,
				134B12382339CD1200CF5CD9 /* Validation.swift in Sources */,
				134B123F2339E35000CF5CD9 /* ErrorCase.swift in Sources */,
			);
			runOnlyForDeploymentPostprocessing = 0;
		};
/* End PBXSourcesBuildPhase section */

/* Begin XCBuildConfiguration section */
		137D84062338A46700383DE7 /* Debug */ = {
			isa = XCBuildConfiguration;
			buildSettings = {
				CLANG_ENABLE_OBJC_WEAK = YES;
				CLANG_WARN_DEPRECATED_OBJC_IMPLEMENTATIONS = YES;
				CLANG_WARN_OBJC_IMPLICIT_RETAIN_SELF = YES;
				CODE_SIGN_STYLE = Automatic;
				COMBINE_HIDPI_IMAGES = YES;
				INFOPLIST_FILE = TestCoordinateCalculator/Info.plist;
				LD_RUNPATH_SEARCH_PATHS = "$(inherited) @executable_path/../Frameworks @loader_path/../Frameworks";
				MACOSX_DEPLOYMENT_TARGET = 10.14;
				MTL_ENABLE_DEBUG_INFO = INCLUDE_SOURCE;
				MTL_FAST_MATH = YES;
				PRODUCT_BUNDLE_IDENTIFIER = reno.TestCoordinateCalculator;
				PRODUCT_NAME = "$(TARGET_NAME)";
				SWIFT_VERSION = 5.0;
			};
			name = Debug;
		};
		137D84072338A46700383DE7 /* Release */ = {
			isa = XCBuildConfiguration;
			buildSettings = {
				CLANG_ENABLE_OBJC_WEAK = YES;
				CLANG_WARN_DEPRECATED_OBJC_IMPLEMENTATIONS = YES;
				CLANG_WARN_OBJC_IMPLICIT_RETAIN_SELF = YES;
				CODE_SIGN_STYLE = Automatic;
				COMBINE_HIDPI_IMAGES = YES;
				INFOPLIST_FILE = TestCoordinateCalculator/Info.plist;
				LD_RUNPATH_SEARCH_PATHS = "$(inherited) @executable_path/../Frameworks @loader_path/../Frameworks";
				MACOSX_DEPLOYMENT_TARGET = 10.14;
				MTL_FAST_MATH = YES;
				PRODUCT_BUNDLE_IDENTIFIER = reno.TestCoordinateCalculator;
				PRODUCT_NAME = "$(TARGET_NAME)";
				SWIFT_VERSION = 5.0;
			};
			name = Release;
		};
		8377CC531F8B6F7E007F7335 /* Debug */ = {
			isa = XCBuildConfiguration;
			buildSettings = {
				ALWAYS_SEARCH_USER_PATHS = NO;
				CLANG_ANALYZER_NONNULL = YES;
				CLANG_ANALYZER_NUMBER_OBJECT_CONVERSION = YES_AGGRESSIVE;
				CLANG_CXX_LANGUAGE_STANDARD = "gnu++14";
				CLANG_CXX_LIBRARY = "libc++";
				CLANG_ENABLE_MODULES = YES;
				CLANG_ENABLE_OBJC_ARC = YES;
				CLANG_WARN_BLOCK_CAPTURE_AUTORELEASING = YES;
				CLANG_WARN_BOOL_CONVERSION = YES;
				CLANG_WARN_COMMA = YES;
				CLANG_WARN_CONSTANT_CONVERSION = YES;
				CLANG_WARN_DIRECT_OBJC_ISA_USAGE = YES_ERROR;
				CLANG_WARN_DOCUMENTATION_COMMENTS = YES;
				CLANG_WARN_EMPTY_BODY = YES;
				CLANG_WARN_ENUM_CONVERSION = YES;
				CLANG_WARN_INFINITE_RECURSION = YES;
				CLANG_WARN_INT_CONVERSION = YES;
				CLANG_WARN_NON_LITERAL_NULL_CONVERSION = YES;
				CLANG_WARN_OBJC_LITERAL_CONVERSION = YES;
				CLANG_WARN_OBJC_ROOT_CLASS = YES_ERROR;
				CLANG_WARN_RANGE_LOOP_ANALYSIS = YES;
				CLANG_WARN_STRICT_PROTOTYPES = YES;
				CLANG_WARN_SUSPICIOUS_MOVE = YES;
				CLANG_WARN_UNGUARDED_AVAILABILITY = YES_AGGRESSIVE;
				CLANG_WARN_UNREACHABLE_CODE = YES;
				CLANG_WARN__DUPLICATE_METHOD_MATCH = YES;
				CODE_SIGN_IDENTITY = "-";
				COPY_PHASE_STRIP = NO;
				DEBUG_INFORMATION_FORMAT = dwarf;
				ENABLE_STRICT_OBJC_MSGSEND = YES;
				ENABLE_TESTABILITY = YES;
				GCC_C_LANGUAGE_STANDARD = gnu11;
				GCC_DYNAMIC_NO_PIC = NO;
				GCC_NO_COMMON_BLOCKS = YES;
				GCC_OPTIMIZATION_LEVEL = 0;
				GCC_PREPROCESSOR_DEFINITIONS = (
					"DEBUG=1",
					"$(inherited)",
				);
				GCC_WARN_64_TO_32_BIT_CONVERSION = YES;
				GCC_WARN_ABOUT_RETURN_TYPE = YES_ERROR;
				GCC_WARN_UNDECLARED_SELECTOR = YES;
				GCC_WARN_UNINITIALIZED_AUTOS = YES_AGGRESSIVE;
				GCC_WARN_UNUSED_FUNCTION = YES;
				GCC_WARN_UNUSED_VARIABLE = YES;
				MACOSX_DEPLOYMENT_TARGET = 10.13;
				MTL_ENABLE_DEBUG_INFO = YES;
				ONLY_ACTIVE_ARCH = YES;
				SDKROOT = macosx;
				SWIFT_ACTIVE_COMPILATION_CONDITIONS = DEBUG;
				SWIFT_OPTIMIZATION_LEVEL = "-Onone";
			};
			name = Debug;
		};
		8377CC541F8B6F7E007F7335 /* Release */ = {
			isa = XCBuildConfiguration;
			buildSettings = {
				ALWAYS_SEARCH_USER_PATHS = NO;
				CLANG_ANALYZER_NONNULL = YES;
				CLANG_ANALYZER_NUMBER_OBJECT_CONVERSION = YES_AGGRESSIVE;
				CLANG_CXX_LANGUAGE_STANDARD = "gnu++14";
				CLANG_CXX_LIBRARY = "libc++";
				CLANG_ENABLE_MODULES = YES;
				CLANG_ENABLE_OBJC_ARC = YES;
				CLANG_WARN_BLOCK_CAPTURE_AUTORELEASING = YES;
				CLANG_WARN_BOOL_CONVERSION = YES;
				CLANG_WARN_COMMA = YES;
				CLANG_WARN_CONSTANT_CONVERSION = YES;
				CLANG_WARN_DIRECT_OBJC_ISA_USAGE = YES_ERROR;
				CLANG_WARN_DOCUMENTATION_COMMENTS = YES;
				CLANG_WARN_EMPTY_BODY = YES;
				CLANG_WARN_ENUM_CONVERSION = YES;
				CLANG_WARN_INFINITE_RECURSION = YES;
				CLANG_WARN_INT_CONVERSION = YES;
				CLANG_WARN_NON_LITERAL_NULL_CONVERSION = YES;
				CLANG_WARN_OBJC_LITERAL_CONVERSION = YES;
				CLANG_WARN_OBJC_ROOT_CLASS = YES_ERROR;
				CLANG_WARN_RANGE_LOOP_ANALYSIS = YES;
				CLANG_WARN_STRICT_PROTOTYPES = YES;
				CLANG_WARN_SUSPICIOUS_MOVE = YES;
				CLANG_WARN_UNGUARDED_AVAILABILITY = YES_AGGRESSIVE;
				CLANG_WARN_UNREACHABLE_CODE = YES;
				CLANG_WARN__DUPLICATE_METHOD_MATCH = YES;
				CODE_SIGN_IDENTITY = "-";
				COPY_PHASE_STRIP = NO;
				DEBUG_INFORMATION_FORMAT = "dwarf-with-dsym";
				ENABLE_NS_ASSERTIONS = NO;
				ENABLE_STRICT_OBJC_MSGSEND = YES;
				GCC_C_LANGUAGE_STANDARD = gnu11;
				GCC_NO_COMMON_BLOCKS = YES;
				GCC_WARN_64_TO_32_BIT_CONVERSION = YES;
				GCC_WARN_ABOUT_RETURN_TYPE = YES_ERROR;
				GCC_WARN_UNDECLARED_SELECTOR = YES;
				GCC_WARN_UNINITIALIZED_AUTOS = YES_AGGRESSIVE;
				GCC_WARN_UNUSED_FUNCTION = YES;
				GCC_WARN_UNUSED_VARIABLE = YES;
				MACOSX_DEPLOYMENT_TARGET = 10.13;
				MTL_ENABLE_DEBUG_INFO = NO;
				SDKROOT = macosx;
				SWIFT_OPTIMIZATION_LEVEL = "-Owholemodule";
			};
			name = Release;
		};
		8377CC561F8B6F7E007F7335 /* Debug */ = {
			isa = XCBuildConfiguration;
			buildSettings = {
				CODE_SIGN_STYLE = Automatic;
				PRODUCT_NAME = "$(TARGET_NAME)";
				SWIFT_VERSION = 4.0;
			};
			name = Debug;
		};
		8377CC571F8B6F7E007F7335 /* Release */ = {
			isa = XCBuildConfiguration;
			buildSettings = {
				CODE_SIGN_STYLE = Automatic;
				PRODUCT_NAME = "$(TARGET_NAME)";
				SWIFT_VERSION = 4.0;
			};
			name = Release;
		};
/* End XCBuildConfiguration section */

/* Begin XCConfigurationList section */
		137D84052338A46700383DE7 /* Build configuration list for PBXNativeTarget "TestCoordinateCalculator" */ = {
			isa = XCConfigurationList;
			buildConfigurations = (
				137D84062338A46700383DE7 /* Debug */,
				137D84072338A46700383DE7 /* Release */,
			);
			defaultConfigurationIsVisible = 0;
			defaultConfigurationName = Release;
		};
		8377CC491F8B6F7E007F7335 /* Build configuration list for PBXProject "CoordinateCalculator" */ = {
			isa = XCConfigurationList;
			buildConfigurations = (
				8377CC531F8B6F7E007F7335 /* Debug */,
				8377CC541F8B6F7E007F7335 /* Release */,
			);
			defaultConfigurationIsVisible = 0;
			defaultConfigurationName = Release;
		};
		8377CC551F8B6F7E007F7335 /* Build configuration list for PBXNativeTarget "CoordinateCalculator" */ = {
			isa = XCConfigurationList;
			buildConfigurations = (
				8377CC561F8B6F7E007F7335 /* Debug */,
				8377CC571F8B6F7E007F7335 /* Release */,
			);
			defaultConfigurationIsVisible = 0;
			defaultConfigurationName = Release;
		};
/* End XCConfigurationList section */
	};
	rootObject = 8377CC461F8B6F7E007F7335 /* Project object */;
}
