// !$*UTF8*$!
{
	archiveVersion = 1;
	classes = {
	};
	objectVersion = 48;
	objects = {

/* Begin PBXBuildFile section */
		8377CC521F8B6F7E007F7335 /* main.swift in Sources */ = {isa = PBXBuildFile; fileRef = 8377CC511F8B6F7E007F7335 /* main.swift */; };
		8377CC701F8BAF74007F7335 /* ANSICode.swift in Sources */ = {isa = PBXBuildFile; fileRef = 8377CC6F1F8BAF74007F7335 /* ANSICode.swift */; };
		BB0A68AA233A2AEF005FAFEB /* MyRect.swift in Sources */ = {isa = PBXBuildFile; fileRef = BB0A68A9233A2AEF005FAFEB /* MyRect.swift */; };
		CF2DB49923370342003A20A1 /* Shape.swift in Sources */ = {isa = PBXBuildFile; fileRef = CF2DB49823370342003A20A1 /* Shape.swift */; };
		CF2DB49A23370B68003A20A1 /* Shape.swift in Sources */ = {isa = PBXBuildFile; fileRef = CF2DB49823370342003A20A1 /* Shape.swift */; };
		CF2DB49C233732FE003A20A1 /* MyLine.swift in Sources */ = {isa = PBXBuildFile; fileRef = CF2DB49B233732FE003A20A1 /* MyLine.swift */; };
		CF2DB4A1233752B5003A20A1 /* UsertInputView.swift in Sources */ = {isa = PBXBuildFile; fileRef = CF2DB4A0233752B5003A20A1 /* UsertInputView.swift */; };
		CF2DB4A223375746003A20A1 /* UsertInputView.swift in Sources */ = {isa = PBXBuildFile; fileRef = CF2DB4A0233752B5003A20A1 /* UsertInputView.swift */; };
		CF2DB4A32337574D003A20A1 /* MyLine.swift in Sources */ = {isa = PBXBuildFile; fileRef = CF2DB49B233732FE003A20A1 /* MyLine.swift */; };
		CF2DB4A723375D25003A20A1 /* MyLintTests.swift in Sources */ = {isa = PBXBuildFile; fileRef = CF2DB4A623375D25003A20A1 /* MyLintTests.swift */; };
		CF4340A923390A1400CDB311 /* MyTriangle.swift in Sources */ = {isa = PBXBuildFile; fileRef = CF4340A823390A1400CDB311 /* MyTriangle.swift */; };
		CF4340AA23390A1400CDB311 /* MyTriangle.swift in Sources */ = {isa = PBXBuildFile; fileRef = CF4340A823390A1400CDB311 /* MyTriangle.swift */; };
		CF4340AD2339105D00CDB311 /* MyTriangleTests.swift in Sources */ = {isa = PBXBuildFile; fileRef = CF4340AB2339105D00CDB311 /* MyTriangleTests.swift */; };
		CF648B5E2333C28E00592E72 /* VertexProvider.swift in Sources */ = {isa = PBXBuildFile; fileRef = CF648B5D2333C28E00592E72 /* VertexProvider.swift */; };
		CF648B602333C34100592E72 /* ShapeFactory.swift in Sources */ = {isa = PBXBuildFile; fileRef = CF648B5F2333C34100592E72 /* ShapeFactory.swift */; };
		CF648B622333C7BA00592E72 /* MyPoint.swift in Sources */ = {isa = PBXBuildFile; fileRef = CF648B612333C7BA00592E72 /* MyPoint.swift */; };
		CF648B642333DBFF00592E72 /* CoordinateConstants.swift in Sources */ = {isa = PBXBuildFile; fileRef = CF648B632333DBFF00592E72 /* CoordinateConstants.swift */; };
		CF648B662333F24E00592E72 /* CoordinateOutputView.swift in Sources */ = {isa = PBXBuildFile; fileRef = CF648B652333F24E00592E72 /* CoordinateOutputView.swift */; };
		CF7205132336148300F01CC1 /* UserInputError.swift in Sources */ = {isa = PBXBuildFile; fileRef = CF7205122336148300F01CC1 /* UserInputError.swift */; };
		CF7205152336162900F01CC1 /* StringPointParser.swift in Sources */ = {isa = PBXBuildFile; fileRef = CF7205142336162900F01CC1 /* StringPointParser.swift */; };
		CF72051723361BB800F01CC1 /* CoordinatePresentable.swift in Sources */ = {isa = PBXBuildFile; fileRef = CF72051623361BB800F01CC1 /* CoordinatePresentable.swift */; };
		CF72052723362B0F00F01CC1 /* UserInputErrorTests.swift in Sources */ = {isa = PBXBuildFile; fileRef = CF72052623362B0F00F01CC1 /* UserInputErrorTests.swift */; };
		CF72052823362BDE00F01CC1 /* UserInputError.swift in Sources */ = {isa = PBXBuildFile; fileRef = CF7205122336148300F01CC1 /* UserInputError.swift */; };
		CF72052923362BE500F01CC1 /* VertexProvider.swift in Sources */ = {isa = PBXBuildFile; fileRef = CF648B5D2333C28E00592E72 /* VertexProvider.swift */; };
		CF72052A23362BE900F01CC1 /* ShapeFactory.swift in Sources */ = {isa = PBXBuildFile; fileRef = CF648B5F2333C34100592E72 /* ShapeFactory.swift */; };
		CF72052B23362BEB00F01CC1 /* StringPointParser.swift in Sources */ = {isa = PBXBuildFile; fileRef = CF7205142336162900F01CC1 /* StringPointParser.swift */; };
		CF72052C23362BEE00F01CC1 /* MyPoint.swift in Sources */ = {isa = PBXBuildFile; fileRef = CF648B612333C7BA00592E72 /* MyPoint.swift */; };
		CF72052D23362BF200F01CC1 /* CoordinateConstants.swift in Sources */ = {isa = PBXBuildFile; fileRef = CF648B632333DBFF00592E72 /* CoordinateConstants.swift */; };
		CF72052E23362BF400F01CC1 /* CoordinateOutputView.swift in Sources */ = {isa = PBXBuildFile; fileRef = CF648B652333F24E00592E72 /* CoordinateOutputView.swift */; };
		CF72052F23362C0400F01CC1 /* CoordinatePresentable.swift in Sources */ = {isa = PBXBuildFile; fileRef = CF72051623361BB800F01CC1 /* CoordinatePresentable.swift */; };
		CF72053023362CBB00F01CC1 /* ANSICode.swift in Sources */ = {isa = PBXBuildFile; fileRef = 8377CC6F1F8BAF74007F7335 /* ANSICode.swift */; };
		CF72053123362CBE00F01CC1 /* main.swift in Sources */ = {isa = PBXBuildFile; fileRef = 8377CC511F8B6F7E007F7335 /* main.swift */; };
		CF72053323362D5900F01CC1 /* MyPointTests.swift in Sources */ = {isa = PBXBuildFile; fileRef = CF72053223362D5900F01CC1 /* MyPointTests.swift */; };
		CF7205352336322F00F01CC1 /* StringPointParserTests.swift in Sources */ = {isa = PBXBuildFile; fileRef = CF7205342336322F00F01CC1 /* StringPointParserTests.swift */; };
		CF720537233633E900F01CC1 /* ShapeFactoryTests.swift in Sources */ = {isa = PBXBuildFile; fileRef = CF720536233633E900F01CC1 /* ShapeFactoryTests.swift */; };
		CF72053A2336346F00F01CC1 /* MockUserInputReader.swift in Sources */ = {isa = PBXBuildFile; fileRef = CF7205392336346F00F01CC1 /* MockUserInputReader.swift */; };
		CFB9D2F2233A721F00041F07 /* MyRect.swift in Sources */ = {isa = PBXBuildFile; fileRef = BB0A68A9233A2AEF005FAFEB /* MyRect.swift */; };
/* End PBXBuildFile section */

/* Begin PBXCopyFilesBuildPhase section */
		8377CC4C1F8B6F7E007F7335 /* CopyFiles */ = {
			isa = PBXCopyFilesBuildPhase;
			buildActionMask = 2147483647;
			dstPath = /usr/share/man/man1/;
			dstSubfolderSpec = 0;
			files = (
			);
			runOnlyForDeploymentPostprocessing = 1;
		};
/* End PBXCopyFilesBuildPhase section */

/* Begin PBXFileReference section */
		8377CC4E1F8B6F7E007F7335 /* CoordinateCalculator */ = {isa = PBXFileReference; explicitFileType = "compiled.mach-o.executable"; includeInIndex = 0; path = CoordinateCalculator; sourceTree = BUILT_PRODUCTS_DIR; };
		8377CC511F8B6F7E007F7335 /* main.swift */ = {isa = PBXFileReference; lastKnownFileType = sourcecode.swift; path = main.swift; sourceTree = "<group>"; };
		8377CC6F1F8BAF74007F7335 /* ANSICode.swift */ = {isa = PBXFileReference; lastKnownFileType = sourcecode.swift; path = ANSICode.swift; sourceTree = "<group>"; };
		BB0A68A9233A2AEF005FAFEB /* MyRect.swift */ = {isa = PBXFileReference; lastKnownFileType = sourcecode.swift; path = MyRect.swift; sourceTree = "<group>"; };
		CF2DB49823370342003A20A1 /* Shape.swift */ = {isa = PBXFileReference; lastKnownFileType = sourcecode.swift; path = Shape.swift; sourceTree = "<group>"; };
		CF2DB49B233732FE003A20A1 /* MyLine.swift */ = {isa = PBXFileReference; lastKnownFileType = sourcecode.swift; path = MyLine.swift; sourceTree = "<group>"; };
		CF2DB4A0233752B5003A20A1 /* UsertInputView.swift */ = {isa = PBXFileReference; lastKnownFileType = sourcecode.swift; path = UsertInputView.swift; sourceTree = "<group>"; };
		CF2DB4A623375D25003A20A1 /* MyLintTests.swift */ = {isa = PBXFileReference; lastKnownFileType = sourcecode.swift; path = MyLintTests.swift; sourceTree = "<group>"; };
		CF4340A823390A1400CDB311 /* MyTriangle.swift */ = {isa = PBXFileReference; lastKnownFileType = sourcecode.swift; path = MyTriangle.swift; sourceTree = "<group>"; };
		CF4340AB2339105D00CDB311 /* MyTriangleTests.swift */ = {isa = PBXFileReference; lastKnownFileType = sourcecode.swift; path = MyTriangleTests.swift; sourceTree = "<group>"; };
		CF648B5D2333C28E00592E72 /* VertexProvider.swift */ = {isa = PBXFileReference; lastKnownFileType = sourcecode.swift; path = VertexProvider.swift; sourceTree = "<group>"; };
		CF648B5F2333C34100592E72 /* ShapeFactory.swift */ = {isa = PBXFileReference; lastKnownFileType = sourcecode.swift; path = ShapeFactory.swift; sourceTree = "<group>"; };
		CF648B612333C7BA00592E72 /* MyPoint.swift */ = {isa = PBXFileReference; lastKnownFileType = sourcecode.swift; path = MyPoint.swift; sourceTree = "<group>"; };
		CF648B632333DBFF00592E72 /* CoordinateConstants.swift */ = {isa = PBXFileReference; lastKnownFileType = sourcecode.swift; path = CoordinateConstants.swift; sourceTree = "<group>"; };
		CF648B652333F24E00592E72 /* CoordinateOutputView.swift */ = {isa = PBXFileReference; lastKnownFileType = sourcecode.swift; path = CoordinateOutputView.swift; sourceTree = "<group>"; };
		CF7205122336148300F01CC1 /* UserInputError.swift */ = {isa = PBXFileReference; lastKnownFileType = sourcecode.swift; path = UserInputError.swift; sourceTree = "<group>"; };
		CF7205142336162900F01CC1 /* StringPointParser.swift */ = {isa = PBXFileReference; lastKnownFileType = sourcecode.swift; path = StringPointParser.swift; sourceTree = "<group>"; };
		CF72051623361BB800F01CC1 /* CoordinatePresentable.swift */ = {isa = PBXFileReference; lastKnownFileType = sourcecode.swift; path = CoordinatePresentable.swift; sourceTree = "<group>"; };
		CF72051E23362AC300F01CC1 /* CoordinateCalculatorTests.xctest */ = {isa = PBXFileReference; explicitFileType = wrapper.cfbundle; includeInIndex = 0; path = CoordinateCalculatorTests.xctest; sourceTree = BUILT_PRODUCTS_DIR; };
		CF72052223362AC300F01CC1 /* Info.plist */ = {isa = PBXFileReference; lastKnownFileType = text.plist.xml; path = Info.plist; sourceTree = "<group>"; };
		CF72052623362B0F00F01CC1 /* UserInputErrorTests.swift */ = {isa = PBXFileReference; lastKnownFileType = sourcecode.swift; path = UserInputErrorTests.swift; sourceTree = "<group>"; };
		CF72053223362D5900F01CC1 /* MyPointTests.swift */ = {isa = PBXFileReference; lastKnownFileType = sourcecode.swift; path = MyPointTests.swift; sourceTree = "<group>"; };
		CF7205342336322F00F01CC1 /* StringPointParserTests.swift */ = {isa = PBXFileReference; lastKnownFileType = sourcecode.swift; path = StringPointParserTests.swift; sourceTree = "<group>"; };
		CF720536233633E900F01CC1 /* ShapeFactoryTests.swift */ = {isa = PBXFileReference; lastKnownFileType = sourcecode.swift; path = ShapeFactoryTests.swift; sourceTree = "<group>"; };
		CF7205392336346F00F01CC1 /* MockUserInputReader.swift */ = {isa = PBXFileReference; lastKnownFileType = sourcecode.swift; path = MockUserInputReader.swift; sourceTree = "<group>"; };
/* End PBXFileReference section */

/* Begin PBXFrameworksBuildPhase section */
		8377CC4B1F8B6F7E007F7335 /* Frameworks */ = {
			isa = PBXFrameworksBuildPhase;
			buildActionMask = 2147483647;
			files = (
			);
			runOnlyForDeploymentPostprocessing = 0;
		};
		CF72051B23362AC300F01CC1 /* Frameworks */ = {
			isa = PBXFrameworksBuildPhase;
			buildActionMask = 2147483647;
			files = (
			);
			runOnlyForDeploymentPostprocessing = 0;
		};
/* End PBXFrameworksBuildPhase section */

/* Begin PBXGroup section */
		8377CC451F8B6F7E007F7335 = {
			isa = PBXGroup;
			children = (
				8377CC501F8B6F7E007F7335 /* CoordinateCalculator */,
				CF72051F23362AC300F01CC1 /* CoordinateCalculatorTests */,
			);
			sourceTree = "<group>";
		};
		8377CC4F1F8B6F7E007F7335 /* Products */ = {
			isa = PBXGroup;
			children = (
				8377CC4E1F8B6F7E007F7335 /* CoordinateCalculator */,
				CF72051E23362AC300F01CC1 /* CoordinateCalculatorTests.xctest */,
			);
			name = Products;
			path = ..;
			sourceTree = "<group>";
		};
		8377CC501F8B6F7E007F7335 /* CoordinateCalculator */ = {
			isa = PBXGroup;
			children = (
				8377CC6F1F8BAF74007F7335 /* ANSICode.swift */,
				8377CC511F8B6F7E007F7335 /* main.swift */,
				CF2DB4A0233752B5003A20A1 /* UsertInputView.swift */,
				CF648B5D2333C28E00592E72 /* VertexProvider.swift */,
				CF648B5F2333C34100592E72 /* ShapeFactory.swift */,
				CF7205142336162900F01CC1 /* StringPointParser.swift */,
				CF2DB49823370342003A20A1 /* Shape.swift */,
				CF648B612333C7BA00592E72 /* MyPoint.swift */,
				CF2DB49B233732FE003A20A1 /* MyLine.swift */,
				CF4340A823390A1400CDB311 /* MyTriangle.swift */,
				BB0A68A9233A2AEF005FAFEB /* MyRect.swift */,
				CF648B632333DBFF00592E72 /* CoordinateConstants.swift */,
				CF648B652333F24E00592E72 /* CoordinateOutputView.swift */,
				CF7205122336148300F01CC1 /* UserInputError.swift */,
				CF72051623361BB800F01CC1 /* CoordinatePresentable.swift */,
			);
			path = CoordinateCalculator;
			sourceTree = "<group>";
		};
		CF72051F23362AC300F01CC1 /* CoordinateCalculatorTests */ = {
			isa = PBXGroup;
			children = (
				CF7205382336345D00F01CC1 /* Mock */,
				8377CC4F1F8B6F7E007F7335 /* Products */,
				CF72052623362B0F00F01CC1 /* UserInputErrorTests.swift */,
				CF720536233633E900F01CC1 /* ShapeFactoryTests.swift */,
				CF7205342336322F00F01CC1 /* StringPointParserTests.swift */,
				CF72053223362D5900F01CC1 /* MyPointTests.swift */,
				CF2DB4A623375D25003A20A1 /* MyLintTests.swift */,
				CF4340AB2339105D00CDB311 /* MyTriangleTests.swift */,
				CF72052223362AC300F01CC1 /* Info.plist */,
			);
			path = CoordinateCalculatorTests;
			sourceTree = "<group>";
		};
		CF7205382336345D00F01CC1 /* Mock */ = {
			isa = PBXGroup;
			children = (
				CF7205392336346F00F01CC1 /* MockUserInputReader.swift */,
			);
			path = Mock;
			sourceTree = "<group>";
		};
/* End PBXGroup section */

/* Begin PBXNativeTarget section */
		8377CC4D1F8B6F7E007F7335 /* CoordinateCalculator */ = {
			isa = PBXNativeTarget;
			buildConfigurationList = 8377CC551F8B6F7E007F7335 /* Build configuration list for PBXNativeTarget "CoordinateCalculator" */;
			buildPhases = (
				8377CC4A1F8B6F7E007F7335 /* Sources */,
				8377CC4B1F8B6F7E007F7335 /* Frameworks */,
				8377CC4C1F8B6F7E007F7335 /* CopyFiles */,
			);
			buildRules = (
			);
			dependencies = (
			);
			name = CoordinateCalculator;
			productName = CoordinateCalculator;
			productReference = 8377CC4E1F8B6F7E007F7335 /* CoordinateCalculator */;
			productType = "com.apple.product-type.tool";
		};
		CF72051D23362AC300F01CC1 /* CoordinateCalculatorTests */ = {
			isa = PBXNativeTarget;
			buildConfigurationList = CF72052323362AC300F01CC1 /* Build configuration list for PBXNativeTarget "CoordinateCalculatorTests" */;
			buildPhases = (
				CF72051A23362AC300F01CC1 /* Sources */,
				CF72051B23362AC300F01CC1 /* Frameworks */,
				CF72051C23362AC300F01CC1 /* Resources */,
			);
			buildRules = (
			);
			dependencies = (
			);
			name = CoordinateCalculatorTests;
			productName = CoordinateCalculatorTests;
			productReference = CF72051E23362AC300F01CC1 /* CoordinateCalculatorTests.xctest */;
			productType = "com.apple.product-type.bundle.unit-test";
		};
/* End PBXNativeTarget section */

/* Begin PBXProject section */
		8377CC461F8B6F7E007F7335 /* Project object */ = {
			isa = PBXProject;
			attributes = {
				LastSwiftUpdateCheck = 1030;
				LastUpgradeCheck = 0900;
				ORGANIZATIONNAME = "Codesquad Inc.";
				TargetAttributes = {
					8377CC4D1F8B6F7E007F7335 = {
						CreatedOnToolsVersion = 9.0;
						ProvisioningStyle = Automatic;
					};
					CF72051D23362AC300F01CC1 = {
						CreatedOnToolsVersion = 10.3;
						ProvisioningStyle = Automatic;
					};
				};
			};
			buildConfigurationList = 8377CC491F8B6F7E007F7335 /* Build configuration list for PBXProject "CoordinateCalculator" */;
			compatibilityVersion = "Xcode 8.0";
			developmentRegion = en;
			hasScannedForEncodings = 0;
			knownRegions = (
				en,
			);
			mainGroup = 8377CC451F8B6F7E007F7335;
			productRefGroup = 8377CC4F1F8B6F7E007F7335 /* Products */;
			projectDirPath = "";
			projectRoot = "";
			targets = (
				8377CC4D1F8B6F7E007F7335 /* CoordinateCalculator */,
				CF72051D23362AC300F01CC1 /* CoordinateCalculatorTests */,
			);
		};
/* End PBXProject section */

/* Begin PBXResourcesBuildPhase section */
		CF72051C23362AC300F01CC1 /* Resources */ = {
			isa = PBXResourcesBuildPhase;
			buildActionMask = 2147483647;
			files = (
			);
			runOnlyForDeploymentPostprocessing = 0;
		};
/* End PBXResourcesBuildPhase section */

/* Begin PBXSourcesBuildPhase section */
		8377CC4A1F8B6F7E007F7335 /* Sources */ = {
			isa = PBXSourcesBuildPhase;
			buildActionMask = 2147483647;
			files = (
				CF2DB49923370342003A20A1 /* Shape.swift in Sources */,
				CF2DB49C233732FE003A20A1 /* MyLine.swift in Sources */,
				CF648B662333F24E00592E72 /* CoordinateOutputView.swift in Sources */,
				CF4340A923390A1400CDB311 /* MyTriangle.swift in Sources */,
				CF648B622333C7BA00592E72 /* MyPoint.swift in Sources */,
				CF7205132336148300F01CC1 /* UserInputError.swift in Sources */,
				8377CC521F8B6F7E007F7335 /* main.swift in Sources */,
				BB0A68AA233A2AEF005FAFEB /* MyRect.swift in Sources */,
				8377CC701F8BAF74007F7335 /* ANSICode.swift in Sources */,
				CF2DB4A1233752B5003A20A1 /* UsertInputView.swift in Sources */,
				CF7205152336162900F01CC1 /* StringPointParser.swift in Sources */,
				CF648B5E2333C28E00592E72 /* VertexProvider.swift in Sources */,
				CF72051723361BB800F01CC1 /* CoordinatePresentable.swift in Sources */,
				CF648B602333C34100592E72 /* ShapeFactory.swift in Sources */,
				CF648B642333DBFF00592E72 /* CoordinateConstants.swift in Sources */,
			);
			runOnlyForDeploymentPostprocessing = 0;
		};
		CF72051A23362AC300F01CC1 /* Sources */ = {
			isa = PBXSourcesBuildPhase;
			buildActionMask = 2147483647;
			files = (
				CF72052C23362BEE00F01CC1 /* MyPoint.swift in Sources */,
				CFB9D2F2233A721F00041F07 /* MyRect.swift in Sources */,
				CF2DB4A723375D25003A20A1 /* MyLintTests.swift in Sources */,
				CF72052D23362BF200F01CC1 /* CoordinateConstants.swift in Sources */,
				CF72053123362CBE00F01CC1 /* main.swift in Sources */,
				CF2DB4A223375746003A20A1 /* UsertInputView.swift in Sources */,
				CF72052E23362BF400F01CC1 /* CoordinateOutputView.swift in Sources */,
				CF7205352336322F00F01CC1 /* StringPointParserTests.swift in Sources */,
				CF720537233633E900F01CC1 /* ShapeFactoryTests.swift in Sources */,
				CF4340AD2339105D00CDB311 /* MyTriangleTests.swift in Sources */,
				CF2DB4A32337574D003A20A1 /* MyLine.swift in Sources */,
				CF72053A2336346F00F01CC1 /* MockUserInputReader.swift in Sources */,
				CF2DB49A23370B68003A20A1 /* Shape.swift in Sources */,
				CF72053023362CBB00F01CC1 /* ANSICode.swift in Sources */,
				CF72052923362BE500F01CC1 /* VertexProvider.swift in Sources */,
				CF72052B23362BEB00F01CC1 /* StringPointParser.swift in Sources */,
				CF72052723362B0F00F01CC1 /* UserInputErrorTests.swift in Sources */,
				CF4340AA23390A1400CDB311 /* MyTriangle.swift in Sources */,
				CF72052A23362BE900F01CC1 /* ShapeFactory.swift in Sources */,
				CF72052F23362C0400F01CC1 /* CoordinatePresentable.swift in Sources */,
				CF72053323362D5900F01CC1 /* MyPointTests.swift in Sources */,
				CF72052823362BDE00F01CC1 /* UserInputError.swift in Sources */,
			);
			runOnlyForDeploymentPostprocessing = 0;
		};
/* End PBXSourcesBuildPhase section */

/* Begin XCBuildConfiguration section */
		8377CC531F8B6F7E007F7335 /* Debug */ = {
			isa = XCBuildConfiguration;
			buildSettings = {
				ALWAYS_SEARCH_USER_PATHS = NO;
				CLANG_ANALYZER_NONNULL = YES;
				CLANG_ANALYZER_NUMBER_OBJECT_CONVERSION = YES_AGGRESSIVE;
				CLANG_CXX_LANGUAGE_STANDARD = "gnu++14";
				CLANG_CXX_LIBRARY = "libc++";
				CLANG_ENABLE_MODULES = YES;
				CLANG_ENABLE_OBJC_ARC = YES;
				CLANG_WARN_BLOCK_CAPTURE_AUTORELEASING = YES;
				CLANG_WARN_BOOL_CONVERSION = YES;
				CLANG_WARN_COMMA = YES;
				CLANG_WARN_CONSTANT_CONVERSION = YES;
				CLANG_WARN_DIRECT_OBJC_ISA_USAGE = YES_ERROR;
				CLANG_WARN_DOCUMENTATION_COMMENTS = YES;
				CLANG_WARN_EMPTY_BODY = YES;
				CLANG_WARN_ENUM_CONVERSION = YES;
				CLANG_WARN_INFINITE_RECURSION = YES;
				CLANG_WARN_INT_CONVERSION = YES;
				CLANG_WARN_NON_LITERAL_NULL_CONVERSION = YES;
				CLANG_WARN_OBJC_LITERAL_CONVERSION = YES;
				CLANG_WARN_OBJC_ROOT_CLASS = YES_ERROR;
				CLANG_WARN_RANGE_LOOP_ANALYSIS = YES;
				CLANG_WARN_STRICT_PROTOTYPES = YES;
				CLANG_WARN_SUSPICIOUS_MOVE = YES;
				CLANG_WARN_UNGUARDED_AVAILABILITY = YES_AGGRESSIVE;
				CLANG_WARN_UNREACHABLE_CODE = YES;
				CLANG_WARN__DUPLICATE_METHOD_MATCH = YES;
				CODE_SIGN_IDENTITY = "-";
				COPY_PHASE_STRIP = NO;
				DEBUG_INFORMATION_FORMAT = dwarf;
				ENABLE_STRICT_OBJC_MSGSEND = YES;
				ENABLE_TESTABILITY = YES;
				GCC_C_LANGUAGE_STANDARD = gnu11;
				GCC_DYNAMIC_NO_PIC = NO;
				GCC_NO_COMMON_BLOCKS = YES;
				GCC_OPTIMIZATION_LEVEL = 0;
				GCC_PREPROCESSOR_DEFINITIONS = (
					"DEBUG=1",
					"$(inherited)",
				);
				GCC_WARN_64_TO_32_BIT_CONVERSION = YES;
				GCC_WARN_ABOUT_RETURN_TYPE = YES_ERROR;
				GCC_WARN_UNDECLARED_SELECTOR = YES;
				GCC_WARN_UNINITIALIZED_AUTOS = YES_AGGRESSIVE;
				GCC_WARN_UNUSED_FUNCTION = YES;
				GCC_WARN_UNUSED_VARIABLE = YES;
				MACOSX_DEPLOYMENT_TARGET = 10.13;
				MTL_ENABLE_DEBUG_INFO = YES;
				ONLY_ACTIVE_ARCH = YES;
				SDKROOT = macosx;
				SWIFT_ACTIVE_COMPILATION_CONDITIONS = DEBUG;
				SWIFT_OPTIMIZATION_LEVEL = "-Onone";
			};
			name = Debug;
		};
		8377CC541F8B6F7E007F7335 /* Release */ = {
			isa = XCBuildConfiguration;
			buildSettings = {
				ALWAYS_SEARCH_USER_PATHS = NO;
				CLANG_ANALYZER_NONNULL = YES;
				CLANG_ANALYZER_NUMBER_OBJECT_CONVERSION = YES_AGGRESSIVE;
				CLANG_CXX_LANGUAGE_STANDARD = "gnu++14";
				CLANG_CXX_LIBRARY = "libc++";
				CLANG_ENABLE_MODULES = YES;
				CLANG_ENABLE_OBJC_ARC = YES;
				CLANG_WARN_BLOCK_CAPTURE_AUTORELEASING = YES;
				CLANG_WARN_BOOL_CONVERSION = YES;
				CLANG_WARN_COMMA = YES;
				CLANG_WARN_CONSTANT_CONVERSION = YES;
				CLANG_WARN_DIRECT_OBJC_ISA_USAGE = YES_ERROR;
				CLANG_WARN_DOCUMENTATION_COMMENTS = YES;
				CLANG_WARN_EMPTY_BODY = YES;
				CLANG_WARN_ENUM_CONVERSION = YES;
				CLANG_WARN_INFINITE_RECURSION = YES;
				CLANG_WARN_INT_CONVERSION = YES;
				CLANG_WARN_NON_LITERAL_NULL_CONVERSION = YES;
				CLANG_WARN_OBJC_LITERAL_CONVERSION = YES;
				CLANG_WARN_OBJC_ROOT_CLASS = YES_ERROR;
				CLANG_WARN_RANGE_LOOP_ANALYSIS = YES;
				CLANG_WARN_STRICT_PROTOTYPES = YES;
				CLANG_WARN_SUSPICIOUS_MOVE = YES;
				CLANG_WARN_UNGUARDED_AVAILABILITY = YES_AGGRESSIVE;
				CLANG_WARN_UNREACHABLE_CODE = YES;
				CLANG_WARN__DUPLICATE_METHOD_MATCH = YES;
				CODE_SIGN_IDENTITY = "-";
				COPY_PHASE_STRIP = NO;
				DEBUG_INFORMATION_FORMAT = "dwarf-with-dsym";
				ENABLE_NS_ASSERTIONS = NO;
				ENABLE_STRICT_OBJC_MSGSEND = YES;
				GCC_C_LANGUAGE_STANDARD = gnu11;
				GCC_NO_COMMON_BLOCKS = YES;
				GCC_WARN_64_TO_32_BIT_CONVERSION = YES;
				GCC_WARN_ABOUT_RETURN_TYPE = YES_ERROR;
				GCC_WARN_UNDECLARED_SELECTOR = YES;
				GCC_WARN_UNINITIALIZED_AUTOS = YES_AGGRESSIVE;
				GCC_WARN_UNUSED_FUNCTION = YES;
				GCC_WARN_UNUSED_VARIABLE = YES;
				MACOSX_DEPLOYMENT_TARGET = 10.13;
				MTL_ENABLE_DEBUG_INFO = NO;
				SDKROOT = macosx;
				SWIFT_OPTIMIZATION_LEVEL = "-Owholemodule";
			};
			name = Release;
		};
		8377CC561F8B6F7E007F7335 /* Debug */ = {
			isa = XCBuildConfiguration;
			buildSettings = {
				CODE_SIGN_STYLE = Automatic;
				PRODUCT_NAME = "$(TARGET_NAME)";
				SWIFT_VERSION = 4.0;
			};
			name = Debug;
		};
		8377CC571F8B6F7E007F7335 /* Release */ = {
			isa = XCBuildConfiguration;
			buildSettings = {
				CODE_SIGN_STYLE = Automatic;
				PRODUCT_NAME = "$(TARGET_NAME)";
				SWIFT_VERSION = 4.0;
			};
			name = Release;
		};
		CF72052423362AC300F01CC1 /* Debug */ = {
			isa = XCBuildConfiguration;
			buildSettings = {
				CLANG_ENABLE_OBJC_WEAK = YES;
				CLANG_WARN_DEPRECATED_OBJC_IMPLEMENTATIONS = YES;
				CLANG_WARN_OBJC_IMPLICIT_RETAIN_SELF = YES;
				CODE_SIGN_IDENTITY = "Mac Developer";
				CODE_SIGN_STYLE = Automatic;
				COMBINE_HIDPI_IMAGES = YES;
				DEVELOPMENT_TEAM = 963NNYFPCH;
				INFOPLIST_FILE = CoordinateCalculatorTests/Info.plist;
				LD_RUNPATH_SEARCH_PATHS = "$(inherited) @executable_path/../Frameworks @loader_path/../Frameworks";
				MACOSX_DEPLOYMENT_TARGET = 10.15;
				MTL_ENABLE_DEBUG_INFO = INCLUDE_SOURCE;
				MTL_FAST_MATH = YES;
				PRODUCT_BUNDLE_IDENTIFIER = sungchan.you.CoordinateCalculatorTests;
				PRODUCT_NAME = "$(TARGET_NAME)";
				SWIFT_VERSION = 5.0;
			};
			name = Debug;
		};
		CF72052523362AC300F01CC1 /* Release */ = {
			isa = XCBuildConfiguration;
			buildSettings = {
				CLANG_ENABLE_OBJC_WEAK = YES;
				CLANG_WARN_DEPRECATED_OBJC_IMPLEMENTATIONS = YES;
				CLANG_WARN_OBJC_IMPLICIT_RETAIN_SELF = YES;
				CODE_SIGN_IDENTITY = "Mac Developer";
				CODE_SIGN_STYLE = Automatic;
				COMBINE_HIDPI_IMAGES = YES;
				DEVELOPMENT_TEAM = 963NNYFPCH;
				INFOPLIST_FILE = CoordinateCalculatorTests/Info.plist;
				LD_RUNPATH_SEARCH_PATHS = "$(inherited) @executable_path/../Frameworks @loader_path/../Frameworks";
				MACOSX_DEPLOYMENT_TARGET = 10.15;
				MTL_FAST_MATH = YES;
				PRODUCT_BUNDLE_IDENTIFIER = sungchan.you.CoordinateCalculatorTests;
				PRODUCT_NAME = "$(TARGET_NAME)";
				SWIFT_VERSION = 5.0;
			};
			name = Release;
		};
/* End XCBuildConfiguration section */

/* Begin XCConfigurationList section */
		8377CC491F8B6F7E007F7335 /* Build configuration list for PBXProject "CoordinateCalculator" */ = {
			isa = XCConfigurationList;
			buildConfigurations = (
				8377CC531F8B6F7E007F7335 /* Debug */,
				8377CC541F8B6F7E007F7335 /* Release */,
			);
			defaultConfigurationIsVisible = 0;
			defaultConfigurationName = Release;
		};
		8377CC551F8B6F7E007F7335 /* Build configuration list for PBXNativeTarget "CoordinateCalculator" */ = {
			isa = XCConfigurationList;
			buildConfigurations = (
				8377CC561F8B6F7E007F7335 /* Debug */,
				8377CC571F8B6F7E007F7335 /* Release */,
			);
			defaultConfigurationIsVisible = 0;
			defaultConfigurationName = Release;
		};
		CF72052323362AC300F01CC1 /* Build configuration list for PBXNativeTarget "CoordinateCalculatorTests" */ = {
			isa = XCConfigurationList;
			buildConfigurations = (
				CF72052423362AC300F01CC1 /* Debug */,
				CF72052523362AC300F01CC1 /* Release */,
			);
			defaultConfigurationIsVisible = 0;
			defaultConfigurationName = Release;
		};
/* End XCConfigurationList section */
	};
	rootObject = 8377CC461F8B6F7E007F7335 /* Project object */;
}
